// !$*UTF8*$!
{
	archiveVersion = 1;
	classes = {
	};
	objectVersion = 50;
	objects = {

/* Begin PBXBuildFile section */
		1031F4362587F331004389A4 /* ImgCollectionViewController.swift in Sources */ = {isa = PBXBuildFile; fileRef = 1031F4352587F331004389A4 /* ImgCollectionViewController.swift */; };
		282243D125888DBA00E5D17A /* sampleImage.jpeg in Resources */ = {isa = PBXBuildFile; fileRef = 282243D025888DBA00E5D17A /* sampleImage.jpeg */; };
		2878DFEB25826218000BFD59 /* AppDelegate.swift in Sources */ = {isa = PBXBuildFile; fileRef = 2878DFEA25826218000BFD59 /* AppDelegate.swift */; };
		2878DFED25826218000BFD59 /* SceneDelegate.swift in Sources */ = {isa = PBXBuildFile; fileRef = 2878DFEC25826218000BFD59 /* SceneDelegate.swift */; };
		2878DFEF25826218000BFD59 /* ViewController.swift in Sources */ = {isa = PBXBuildFile; fileRef = 2878DFEE25826218000BFD59 /* ViewController.swift */; };
		2878DFF225826218000BFD59 /* Main.storyboard in Resources */ = {isa = PBXBuildFile; fileRef = 2878DFF025826218000BFD59 /* Main.storyboard */; };
		2878DFF42582621B000BFD59 /* Assets.xcassets in Resources */ = {isa = PBXBuildFile; fileRef = 2878DFF32582621B000BFD59 /* Assets.xcassets */; };
		2878DFF72582621B000BFD59 /* LaunchScreen.storyboard in Resources */ = {isa = PBXBuildFile; fileRef = 2878DFF52582621B000BFD59 /* LaunchScreen.storyboard */; };
		287CF9422587B0E4001D6128 /* MainInterface.storyboard in Resources */ = {isa = PBXBuildFile; fileRef = 287CF9412587B0E4001D6128 /* MainInterface.storyboard */; };
		288BDC4D25836070007620E7 /* ShareViewController.swift in Sources */ = {isa = PBXBuildFile; fileRef = 288BDC4C25836070007620E7 /* ShareViewController.swift */; };
		288BDC5425836070007620E7 /* myExtension.appex in Embed App Extensions */ = {isa = PBXBuildFile; fileRef = 288BDC4A25836070007620E7 /* myExtension.appex */; settings = {ATTRIBUTES = (RemoveHeadersOnCopy, ); }; };
		288BDC7E25838C2C007620E7 /* TableViewCell.swift in Sources */ = {isa = PBXBuildFile; fileRef = 288BDC7D25838C2C007620E7 /* TableViewCell.swift */; };
/* End PBXBuildFile section */

/* Begin PBXContainerItemProxy section */
		288BDC5225836070007620E7 /* PBXContainerItemProxy */ = {
			isa = PBXContainerItemProxy;
			containerPortal = 2878DFDF25826218000BFD59 /* Project object */;
			proxyType = 1;
			remoteGlobalIDString = 288BDC4925836070007620E7;
			remoteInfo = myExtension;
		};
/* End PBXContainerItemProxy section */

/* Begin PBXCopyFilesBuildPhase section */
		288BDC5525836070007620E7 /* Embed App Extensions */ = {
			isa = PBXCopyFilesBuildPhase;
			buildActionMask = 2147483647;
			dstPath = "";
			dstSubfolderSpec = 13;
			files = (
				288BDC5425836070007620E7 /* myExtension.appex in Embed App Extensions */,
			);
			name = "Embed App Extensions";
			runOnlyForDeploymentPostprocessing = 0;
		};
/* End PBXCopyFilesBuildPhase section */

/* Begin PBXFileReference section */
		1031F4352587F331004389A4 /* ImgCollectionViewController.swift */ = {isa = PBXFileReference; lastKnownFileType = sourcecode.swift; path = ImgCollectionViewController.swift; sourceTree = "<group>"; };
		282243D025888DBA00E5D17A /* sampleImage.jpeg */ = {isa = PBXFileReference; lastKnownFileType = image.jpeg; path = sampleImage.jpeg; sourceTree = "<group>"; };
		2878DFE725826218000BFD59 /* SharingExtension.app */ = {isa = PBXFileReference; explicitFileType = wrapper.application; includeInIndex = 0; path = SharingExtension.app; sourceTree = BUILT_PRODUCTS_DIR; };
		2878DFEA25826218000BFD59 /* AppDelegate.swift */ = {isa = PBXFileReference; lastKnownFileType = sourcecode.swift; path = AppDelegate.swift; sourceTree = "<group>"; };
		2878DFEC25826218000BFD59 /* SceneDelegate.swift */ = {isa = PBXFileReference; lastKnownFileType = sourcecode.swift; path = SceneDelegate.swift; sourceTree = "<group>"; };
		2878DFEE25826218000BFD59 /* ViewController.swift */ = {isa = PBXFileReference; lastKnownFileType = sourcecode.swift; path = ViewController.swift; sourceTree = "<group>"; };
		2878DFF125826218000BFD59 /* Base */ = {isa = PBXFileReference; lastKnownFileType = file.storyboard; name = Base; path = Base.lproj/Main.storyboard; sourceTree = "<group>"; };
		2878DFF32582621B000BFD59 /* Assets.xcassets */ = {isa = PBXFileReference; lastKnownFileType = folder.assetcatalog; path = Assets.xcassets; sourceTree = "<group>"; };
		2878DFF62582621B000BFD59 /* Base */ = {isa = PBXFileReference; lastKnownFileType = file.storyboard; name = Base; path = Base.lproj/LaunchScreen.storyboard; sourceTree = "<group>"; };
		2878DFF82582621B000BFD59 /* Info.plist */ = {isa = PBXFileReference; lastKnownFileType = text.plist.xml; path = Info.plist; sourceTree = "<group>"; };
		287CF9412587B0E4001D6128 /* MainInterface.storyboard */ = {isa = PBXFileReference; fileEncoding = 4; lastKnownFileType = file.storyboard; path = MainInterface.storyboard; sourceTree = "<group>"; };
		288BDC4A25836070007620E7 /* myExtension.appex */ = {isa = PBXFileReference; explicitFileType = "wrapper.app-extension"; includeInIndex = 0; path = myExtension.appex; sourceTree = BUILT_PRODUCTS_DIR; };
		288BDC4C25836070007620E7 /* ShareViewController.swift */ = {isa = PBXFileReference; lastKnownFileType = sourcecode.swift; path = ShareViewController.swift; sourceTree = "<group>"; };
		288BDC5125836070007620E7 /* Info.plist */ = {isa = PBXFileReference; lastKnownFileType = text.plist.xml; path = Info.plist; sourceTree = "<group>"; };
		288BDC6525837447007620E7 /* myExtension.entitlements */ = {isa = PBXFileReference; lastKnownFileType = text.plist.entitlements; path = myExtension.entitlements; sourceTree = "<group>"; };
		288BDC7A258384FD007620E7 /* SharingExtension.entitlements */ = {isa = PBXFileReference; lastKnownFileType = text.plist.entitlements; path = SharingExtension.entitlements; sourceTree = "<group>"; };
		288BDC7D25838C2C007620E7 /* TableViewCell.swift */ = {isa = PBXFileReference; lastKnownFileType = sourcecode.swift; path = TableViewCell.swift; sourceTree = "<group>"; };
/* End PBXFileReference section */

/* Begin PBXFrameworksBuildPhase section */
		2878DFE425826218000BFD59 /* Frameworks */ = {
			isa = PBXFrameworksBuildPhase;
			buildActionMask = 2147483647;
			files = (
			);
			runOnlyForDeploymentPostprocessing = 0;
		};
		288BDC4725836070007620E7 /* Frameworks */ = {
			isa = PBXFrameworksBuildPhase;
			buildActionMask = 2147483647;
			files = (
			);
			runOnlyForDeploymentPostprocessing = 0;
		};
/* End PBXFrameworksBuildPhase section */

/* Begin PBXGroup section */
		2878DFDE25826218000BFD59 = {
			isa = PBXGroup;
			children = (
				2878DFE925826218000BFD59 /* SharingExtension */,
				288BDC4B25836070007620E7 /* myExtension */,
				2878DFE825826218000BFD59 /* Products */,
			);
			sourceTree = "<group>";
		};
		2878DFE825826218000BFD59 /* Products */ = {
			isa = PBXGroup;
			children = (
				2878DFE725826218000BFD59 /* SharingExtension.app */,
				288BDC4A25836070007620E7 /* myExtension.appex */,
			);
			name = Products;
			sourceTree = "<group>";
		};
		2878DFE925826218000BFD59 /* SharingExtension */ = {
			isa = PBXGroup;
			children = (
				288BDC7A258384FD007620E7 /* SharingExtension.entitlements */,
				2878DFEA25826218000BFD59 /* AppDelegate.swift */,
				2878DFEC25826218000BFD59 /* SceneDelegate.swift */,
				2878DFEE25826218000BFD59 /* ViewController.swift */,
				288BDC7D25838C2C007620E7 /* TableViewCell.swift */,
				2878DFF025826218000BFD59 /* Main.storyboard */,
				2878DFF32582621B000BFD59 /* Assets.xcassets */,
				2878DFF52582621B000BFD59 /* LaunchScreen.storyboard */,
				2878DFF82582621B000BFD59 /* Info.plist */,
			);
			path = SharingExtension;
			sourceTree = "<group>";
		};
		288BDC4B25836070007620E7 /* myExtension */ = {
			isa = PBXGroup;
			children = (
				288BDC6525837447007620E7 /* myExtension.entitlements */,
				288BDC4C25836070007620E7 /* ShareViewController.swift */,
				1031F4352587F331004389A4 /* ImgCollectionViewController.swift */,
				282243D025888DBA00E5D17A /* sampleImage.jpeg */,
				287CF9412587B0E4001D6128 /* MainInterface.storyboard */,
				288BDC5125836070007620E7 /* Info.plist */,
			);
			path = myExtension;
			sourceTree = "<group>";
		};
/* End PBXGroup section */

/* Begin PBXNativeTarget section */
		2878DFE625826218000BFD59 /* SharingExtension */ = {
			isa = PBXNativeTarget;
			buildConfigurationList = 2878DFFB2582621B000BFD59 /* Build configuration list for PBXNativeTarget "SharingExtension" */;
			buildPhases = (
				2878DFE325826218000BFD59 /* Sources */,
				2878DFE425826218000BFD59 /* Frameworks */,
				2878DFE525826218000BFD59 /* Resources */,
				288BDC5525836070007620E7 /* Embed App Extensions */,
			);
			buildRules = (
			);
			dependencies = (
				288BDC5325836070007620E7 /* PBXTargetDependency */,
			);
			name = SharingExtension;
			productName = SharingExtension;
			productReference = 2878DFE725826218000BFD59 /* SharingExtension.app */;
			productType = "com.apple.product-type.application";
		};
		288BDC4925836070007620E7 /* myExtension */ = {
			isa = PBXNativeTarget;
			buildConfigurationList = 288BDC5825836070007620E7 /* Build configuration list for PBXNativeTarget "myExtension" */;
			buildPhases = (
				288BDC4625836070007620E7 /* Sources */,
				288BDC4725836070007620E7 /* Frameworks */,
				288BDC4825836070007620E7 /* Resources */,
			);
			buildRules = (
			);
			dependencies = (
			);
			name = myExtension;
			productName = myExtension;
			productReference = 288BDC4A25836070007620E7 /* myExtension.appex */;
			productType = "com.apple.product-type.app-extension";
		};
/* End PBXNativeTarget section */

/* Begin PBXProject section */
		2878DFDF25826218000BFD59 /* Project object */ = {
			isa = PBXProject;
			attributes = {
				LastSwiftUpdateCheck = 1220;
				LastUpgradeCheck = 1220;
				TargetAttributes = {
					2878DFE625826218000BFD59 = {
						CreatedOnToolsVersion = 12.2;
					};
					288BDC4925836070007620E7 = {
						CreatedOnToolsVersion = 12.2;
					};
				};
			};
			buildConfigurationList = 2878DFE225826218000BFD59 /* Build configuration list for PBXProject "SharingExtension" */;
			compatibilityVersion = "Xcode 9.3";
			developmentRegion = en;
			hasScannedForEncodings = 0;
			knownRegions = (
				en,
				Base,
			);
			mainGroup = 2878DFDE25826218000BFD59;
			productRefGroup = 2878DFE825826218000BFD59 /* Products */;
			projectDirPath = "";
			projectRoot = "";
			targets = (
				2878DFE625826218000BFD59 /* SharingExtension */,
				288BDC4925836070007620E7 /* myExtension */,
			);
		};
/* End PBXProject section */

/* Begin PBXResourcesBuildPhase section */
		2878DFE525826218000BFD59 /* Resources */ = {
			isa = PBXResourcesBuildPhase;
			buildActionMask = 2147483647;
			files = (
				2878DFF72582621B000BFD59 /* LaunchScreen.storyboard in Resources */,
				2878DFF42582621B000BFD59 /* Assets.xcassets in Resources */,
				2878DFF225826218000BFD59 /* Main.storyboard in Resources */,
			);
			runOnlyForDeploymentPostprocessing = 0;
		};
		288BDC4825836070007620E7 /* Resources */ = {
			isa = PBXResourcesBuildPhase;
			buildActionMask = 2147483647;
			files = (
				287CF9422587B0E4001D6128 /* MainInterface.storyboard in Resources */,
				282243D125888DBA00E5D17A /* sampleImage.jpeg in Resources */,
			);
			runOnlyForDeploymentPostprocessing = 0;
		};
/* End PBXResourcesBuildPhase section */

/* Begin PBXSourcesBuildPhase section */
		2878DFE325826218000BFD59 /* Sources */ = {
			isa = PBXSourcesBuildPhase;
			buildActionMask = 2147483647;
			files = (
				2878DFEF25826218000BFD59 /* ViewController.swift in Sources */,
				288BDC7E25838C2C007620E7 /* TableViewCell.swift in Sources */,
				2878DFEB25826218000BFD59 /* AppDelegate.swift in Sources */,
				2878DFED25826218000BFD59 /* SceneDelegate.swift in Sources */,
			);
			runOnlyForDeploymentPostprocessing = 0;
		};
		288BDC4625836070007620E7 /* Sources */ = {
			isa = PBXSourcesBuildPhase;
			buildActionMask = 2147483647;
			files = (
				1031F4362587F331004389A4 /* ImgCollectionViewController.swift in Sources */,
				288BDC4D25836070007620E7 /* ShareViewController.swift in Sources */,
			);
			runOnlyForDeploymentPostprocessing = 0;
		};
/* End PBXSourcesBuildPhase section */

/* Begin PBXTargetDependency section */
		288BDC5325836070007620E7 /* PBXTargetDependency */ = {
			isa = PBXTargetDependency;
			target = 288BDC4925836070007620E7 /* myExtension */;
			targetProxy = 288BDC5225836070007620E7 /* PBXContainerItemProxy */;
		};
/* End PBXTargetDependency section */

/* Begin PBXVariantGroup section */
		2878DFF025826218000BFD59 /* Main.storyboard */ = {
			isa = PBXVariantGroup;
			children = (
				2878DFF125826218000BFD59 /* Base */,
			);
			name = Main.storyboard;
			sourceTree = "<group>";
		};
		2878DFF52582621B000BFD59 /* LaunchScreen.storyboard */ = {
			isa = PBXVariantGroup;
			children = (
				2878DFF62582621B000BFD59 /* Base */,
			);
			name = LaunchScreen.storyboard;
			sourceTree = "<group>";
		};
/* End PBXVariantGroup section */

/* Begin XCBuildConfiguration section */
		2878DFF92582621B000BFD59 /* Debug */ = {
			isa = XCBuildConfiguration;
			buildSettings = {
				ALWAYS_SEARCH_USER_PATHS = NO;
				CLANG_ANALYZER_NONNULL = YES;
				CLANG_ANALYZER_NUMBER_OBJECT_CONVERSION = YES_AGGRESSIVE;
				CLANG_CXX_LANGUAGE_STANDARD = "gnu++14";
				CLANG_CXX_LIBRARY = "libc++";
				CLANG_ENABLE_MODULES = YES;
				CLANG_ENABLE_OBJC_ARC = YES;
				CLANG_ENABLE_OBJC_WEAK = YES;
				CLANG_WARN_BLOCK_CAPTURE_AUTORELEASING = YES;
				CLANG_WARN_BOOL_CONVERSION = YES;
				CLANG_WARN_COMMA = YES;
				CLANG_WARN_CONSTANT_CONVERSION = YES;
				CLANG_WARN_DEPRECATED_OBJC_IMPLEMENTATIONS = YES;
				CLANG_WARN_DIRECT_OBJC_ISA_USAGE = YES_ERROR;
				CLANG_WARN_DOCUMENTATION_COMMENTS = YES;
				CLANG_WARN_EMPTY_BODY = YES;
				CLANG_WARN_ENUM_CONVERSION = YES;
				CLANG_WARN_INFINITE_RECURSION = YES;
				CLANG_WARN_INT_CONVERSION = YES;
				CLANG_WARN_NON_LITERAL_NULL_CONVERSION = YES;
				CLANG_WARN_OBJC_IMPLICIT_RETAIN_SELF = YES;
				CLANG_WARN_OBJC_LITERAL_CONVERSION = YES;
				CLANG_WARN_OBJC_ROOT_CLASS = YES_ERROR;
				CLANG_WARN_QUOTED_INCLUDE_IN_FRAMEWORK_HEADER = YES;
				CLANG_WARN_RANGE_LOOP_ANALYSIS = YES;
				CLANG_WARN_STRICT_PROTOTYPES = YES;
				CLANG_WARN_SUSPICIOUS_MOVE = YES;
				CLANG_WARN_UNGUARDED_AVAILABILITY = YES_AGGRESSIVE;
				CLANG_WARN_UNREACHABLE_CODE = YES;
				CLANG_WARN__DUPLICATE_METHOD_MATCH = YES;
				COPY_PHASE_STRIP = NO;
				DEBUG_INFORMATION_FORMAT = dwarf;
				ENABLE_STRICT_OBJC_MSGSEND = YES;
				ENABLE_TESTABILITY = YES;
				GCC_C_LANGUAGE_STANDARD = gnu11;
				GCC_DYNAMIC_NO_PIC = NO;
				GCC_NO_COMMON_BLOCKS = YES;
				GCC_OPTIMIZATION_LEVEL = 0;
				GCC_PREPROCESSOR_DEFINITIONS = (
					"DEBUG=1",
					"$(inherited)",
				);
				GCC_WARN_64_TO_32_BIT_CONVERSION = YES;
				GCC_WARN_ABOUT_RETURN_TYPE = YES_ERROR;
				GCC_WARN_UNDECLARED_SELECTOR = YES;
				GCC_WARN_UNINITIALIZED_AUTOS = YES_AGGRESSIVE;
				GCC_WARN_UNUSED_FUNCTION = YES;
				GCC_WARN_UNUSED_VARIABLE = YES;
				IPHONEOS_DEPLOYMENT_TARGET = 14.2;
				MTL_ENABLE_DEBUG_INFO = INCLUDE_SOURCE;
				MTL_FAST_MATH = YES;
				ONLY_ACTIVE_ARCH = YES;
				SDKROOT = iphoneos;
				SWIFT_ACTIVE_COMPILATION_CONDITIONS = DEBUG;
				SWIFT_OPTIMIZATION_LEVEL = "-Onone";
			};
			name = Debug;
		};
		2878DFFA2582621B000BFD59 /* Release */ = {
			isa = XCBuildConfiguration;
			buildSettings = {
				ALWAYS_SEARCH_USER_PATHS = NO;
				CLANG_ANALYZER_NONNULL = YES;
				CLANG_ANALYZER_NUMBER_OBJECT_CONVERSION = YES_AGGRESSIVE;
				CLANG_CXX_LANGUAGE_STANDARD = "gnu++14";
				CLANG_CXX_LIBRARY = "libc++";
				CLANG_ENABLE_MODULES = YES;
				CLANG_ENABLE_OBJC_ARC = YES;
				CLANG_ENABLE_OBJC_WEAK = YES;
				CLANG_WARN_BLOCK_CAPTURE_AUTORELEASING = YES;
				CLANG_WARN_BOOL_CONVERSION = YES;
				CLANG_WARN_COMMA = YES;
				CLANG_WARN_CONSTANT_CONVERSION = YES;
				CLANG_WARN_DEPRECATED_OBJC_IMPLEMENTATIONS = YES;
				CLANG_WARN_DIRECT_OBJC_ISA_USAGE = YES_ERROR;
				CLANG_WARN_DOCUMENTATION_COMMENTS = YES;
				CLANG_WARN_EMPTY_BODY = YES;
				CLANG_WARN_ENUM_CONVERSION = YES;
				CLANG_WARN_INFINITE_RECURSION = YES;
				CLANG_WARN_INT_CONVERSION = YES;
				CLANG_WARN_NON_LITERAL_NULL_CONVERSION = YES;
				CLANG_WARN_OBJC_IMPLICIT_RETAIN_SELF = YES;
				CLANG_WARN_OBJC_LITERAL_CONVERSION = YES;
				CLANG_WARN_OBJC_ROOT_CLASS = YES_ERROR;
				CLANG_WARN_QUOTED_INCLUDE_IN_FRAMEWORK_HEADER = YES;
				CLANG_WARN_RANGE_LOOP_ANALYSIS = YES;
				CLANG_WARN_STRICT_PROTOTYPES = YES;
				CLANG_WARN_SUSPICIOUS_MOVE = YES;
				CLANG_WARN_UNGUARDED_AVAILABILITY = YES_AGGRESSIVE;
				CLANG_WARN_UNREACHABLE_CODE = YES;
				CLANG_WARN__DUPLICATE_METHOD_MATCH = YES;
				COPY_PHASE_STRIP = NO;
				DEBUG_INFORMATION_FORMAT = "dwarf-with-dsym";
				ENABLE_NS_ASSERTIONS = NO;
				ENABLE_STRICT_OBJC_MSGSEND = YES;
				GCC_C_LANGUAGE_STANDARD = gnu11;
				GCC_NO_COMMON_BLOCKS = YES;
				GCC_WARN_64_TO_32_BIT_CONVERSION = YES;
				GCC_WARN_ABOUT_RETURN_TYPE = YES_ERROR;
				GCC_WARN_UNDECLARED_SELECTOR = YES;
				GCC_WARN_UNINITIALIZED_AUTOS = YES_AGGRESSIVE;
				GCC_WARN_UNUSED_FUNCTION = YES;
				GCC_WARN_UNUSED_VARIABLE = YES;
				IPHONEOS_DEPLOYMENT_TARGET = 14.2;
				MTL_ENABLE_DEBUG_INFO = NO;
				MTL_FAST_MATH = YES;
				SDKROOT = iphoneos;
				SWIFT_COMPILATION_MODE = wholemodule;
				SWIFT_OPTIMIZATION_LEVEL = "-O";
				VALIDATE_PRODUCT = YES;
			};
			name = Release;
		};
		2878DFFC2582621B000BFD59 /* Debug */ = {
			isa = XCBuildConfiguration;
			buildSettings = {
				ALWAYS_EMBED_SWIFT_STANDARD_LIBRARIES = YES;
				ASSETCATALOG_COMPILER_APPICON_NAME = AppIcon;
				ASSETCATALOG_COMPILER_GLOBAL_ACCENT_COLOR_NAME = AccentColor;
				CODE_SIGN_ENTITLEMENTS = SharingExtension/SharingExtension.entitlements;
				CODE_SIGN_STYLE = Automatic;
				DEVELOPMENT_TEAM = 6T8ZJ7M7C9;
				INFOPLIST_FILE = SharingExtension/Info.plist;
				IPHONEOS_DEPLOYMENT_TARGET = 9.0;
				LD_RUNPATH_SEARCH_PATHS = (
					"$(inherited)",
					"@executable_path/Frameworks",
				);
				PRODUCT_BUNDLE_IDENTIFIER = engin.SharingExtension;
				PRODUCT_NAME = "$(TARGET_NAME)";
				SWIFT_VERSION = 5.0;
				TARGETED_DEVICE_FAMILY = "1,2";
			};
			name = Debug;
		};
		2878DFFD2582621B000BFD59 /* Release */ = {
			isa = XCBuildConfiguration;
			buildSettings = {
				ALWAYS_EMBED_SWIFT_STANDARD_LIBRARIES = YES;
				ASSETCATALOG_COMPILER_APPICON_NAME = AppIcon;
				ASSETCATALOG_COMPILER_GLOBAL_ACCENT_COLOR_NAME = AccentColor;
				CODE_SIGN_ENTITLEMENTS = SharingExtension/SharingExtension.entitlements;
				CODE_SIGN_STYLE = Automatic;
				DEVELOPMENT_TEAM = 6T8ZJ7M7C9;
				INFOPLIST_FILE = SharingExtension/Info.plist;
				IPHONEOS_DEPLOYMENT_TARGET = 9.0;
				LD_RUNPATH_SEARCH_PATHS = (
					"$(inherited)",
					"@executable_path/Frameworks",
				);
				PRODUCT_BUNDLE_IDENTIFIER = engin.SharingExtension;
				PRODUCT_NAME = "$(TARGET_NAME)";
				SWIFT_VERSION = 5.0;
				TARGETED_DEVICE_FAMILY = "1,2";
			};
			name = Release;
		};
		288BDC5625836070007620E7 /* Debug */ = {
			isa = XCBuildConfiguration;
			buildSettings = {
				CODE_SIGN_ENTITLEMENTS = myExtension/myExtension.entitlements;
				CODE_SIGN_STYLE = Automatic;
				DEVELOPMENT_TEAM = 6T8ZJ7M7C9;
				INFOPLIST_FILE = myExtension/Info.plist;
				IPHONEOS_DEPLOYMENT_TARGET = 9.0;
				LD_RUNPATH_SEARCH_PATHS = (
					"$(inherited)",
					"@executable_path/Frameworks",
					"@executable_path/../../Frameworks",
				);
				PRODUCT_BUNDLE_IDENTIFIER = engin.SharingExtension.myExtension;
				PRODUCT_NAME = "$(TARGET_NAME)";
				SKIP_INSTALL = YES;
				SWIFT_VERSION = 5.0;
				TARGETED_DEVICE_FAMILY = "1,2";
			};
			name = Debug;
		};
		288BDC5725836070007620E7 /* Release */ = {
			isa = XCBuildConfiguration;
			buildSettings = {
				CODE_SIGN_ENTITLEMENTS = myExtension/myExtension.entitlements;
				CODE_SIGN_STYLE = Automatic;
				DEVELOPMENT_TEAM = 6T8ZJ7M7C9;
				INFOPLIST_FILE = myExtension/Info.plist;
				IPHONEOS_DEPLOYMENT_TARGET = 9.0;
				LD_RUNPATH_SEARCH_PATHS = (
					"$(inherited)",
					"@executable_path/Frameworks",
					"@executable_path/../../Frameworks",
				);
				PRODUCT_BUNDLE_IDENTIFIER = engin.SharingExtension.myExtension;
				PRODUCT_NAME = "$(TARGET_NAME)";
				SKIP_INSTALL = YES;
				SWIFT_VERSION = 5.0;
				TARGETED_DEVICE_FAMILY = "1,2";
			};
			name = Release;
		};
/* End XCBuildConfiguration section */

/* Begin XCConfigurationList section */
		2878DFE225826218000BFD59 /* Build configuration list for PBXProject "SharingExtension" */ = {
			isa = XCConfigurationList;
			buildConfigurations = (
				2878DFF92582621B000BFD59 /* Debug */,
				2878DFFA2582621B000BFD59 /* Release */,
			);
			defaultConfigurationIsVisible = 0;
			defaultConfigurationName = Release;
		};
		2878DFFB2582621B000BFD59 /* Build configuration list for PBXNativeTarget "SharingExtension" */ = {
			isa = XCConfigurationList;
			buildConfigurations = (
				2878DFFC2582621B000BFD59 /* Debug */,
				2878DFFD2582621B000BFD59 /* Release */,
			);
			defaultConfigurationIsVisible = 0;
			defaultConfigurationName = Release;
		};
		288BDC5825836070007620E7 /* Build configuration list for PBXNativeTarget "myExtension" */ = {
			isa = XCConfigurationList;
			buildConfigurations = (
				288BDC5625836070007620E7 /* Debug */,
				288BDC5725836070007620E7 /* Release */,
			);
			defaultConfigurationIsVisible = 0;
			defaultConfigurationName = Release;
		};
/* End XCConfigurationList section */
	};
	rootObject = 2878DFDF25826218000BFD59 /* Project object */;
}
